// !$*UTF8*$!
{
	archiveVersion = 1;
	classes = {
	};
	objectVersion = 51;
	objects = {

/* Begin PBXBuildFile section */
		4FF897A9691A24F6C074BF85 /* Pods_FirstRxSwiftTests.framework in Frameworks */ = {isa = PBXBuildFile; fileRef = 651EA511735A32D45780ED8D /* Pods_FirstRxSwiftTests.framework */; };
		837AB45D252873D200468728 /* HomeVC.swift in Sources */ = {isa = PBXBuildFile; fileRef = 837AB45B252873D200468728 /* HomeVC.swift */; };
		837AB45E252873D200468728 /* HomeVC.xib in Resources */ = {isa = PBXBuildFile; fileRef = 837AB45C252873D200468728 /* HomeVC.xib */; };
		837AB46225287C7700468728 /* SubtitleTableViewCell.swift in Sources */ = {isa = PBXBuildFile; fileRef = 837AB46125287C7700468728 /* SubtitleTableViewCell.swift */; };
		83B4B7B325287264009587FA /* AppDelegate.swift in Sources */ = {isa = PBXBuildFile; fileRef = 83B4B7B225287264009587FA /* AppDelegate.swift */; };
		83B4B7B725287264009587FA /* ViewController.swift in Sources */ = {isa = PBXBuildFile; fileRef = 83B4B7B625287264009587FA /* ViewController.swift */; };
		83B4B7BA25287264009587FA /* Main.storyboard in Resources */ = {isa = PBXBuildFile; fileRef = 83B4B7B825287264009587FA /* Main.storyboard */; };
		83B4B7BD25287264009587FA /* FirstRxSwift.xcdatamodeld in Sources */ = {isa = PBXBuildFile; fileRef = 83B4B7BB25287264009587FA /* FirstRxSwift.xcdatamodeld */; };
		83B4B7BF25287265009587FA /* Assets.xcassets in Resources */ = {isa = PBXBuildFile; fileRef = 83B4B7BE25287265009587FA /* Assets.xcassets */; };
		83B4B7C225287265009587FA /* LaunchScreen.storyboard in Resources */ = {isa = PBXBuildFile; fileRef = 83B4B7C025287265009587FA /* LaunchScreen.storyboard */; };
		83B4B7CD25287265009587FA /* FirstRxSwiftTests.swift in Sources */ = {isa = PBXBuildFile; fileRef = 83B4B7CC25287265009587FA /* FirstRxSwiftTests.swift */; };
		A471B46F20A8D853B1D2D8F9 /* Pods_FirstRxSwift.framework in Frameworks */ = {isa = PBXBuildFile; fileRef = E05228A11DEB5D43BC77EF7B /* Pods_FirstRxSwift.framework */; };
/* End PBXBuildFile section */

/* Begin PBXContainerItemProxy section */
		83B4B7C925287265009587FA /* PBXContainerItemProxy */ = {
			isa = PBXContainerItemProxy;
			containerPortal = 83B4B7A725287264009587FA /* Project object */;
			proxyType = 1;
			remoteGlobalIDString = 83B4B7AE25287264009587FA;
			remoteInfo = FirstRxSwift;
		};
/* End PBXContainerItemProxy section */

/* Begin PBXFileReference section */
		651EA511735A32D45780ED8D /* Pods_FirstRxSwiftTests.framework */ = {isa = PBXFileReference; explicitFileType = wrapper.framework; includeInIndex = 0; path = Pods_FirstRxSwiftTests.framework; sourceTree = BUILT_PRODUCTS_DIR; };
		7D540A7635033A4F2105751E /* Pods-FirstRxSwiftTests.release.xcconfig */ = {isa = PBXFileReference; includeInIndex = 1; lastKnownFileType = text.xcconfig; name = "Pods-FirstRxSwiftTests.release.xcconfig"; path = "Target Support Files/Pods-FirstRxSwiftTests/Pods-FirstRxSwiftTests.release.xcconfig"; sourceTree = "<group>"; };
		837AB45B252873D200468728 /* HomeVC.swift */ = {isa = PBXFileReference; lastKnownFileType = sourcecode.swift; path = HomeVC.swift; sourceTree = "<group>"; };
		837AB45C252873D200468728 /* HomeVC.xib */ = {isa = PBXFileReference; lastKnownFileType = file.xib; path = HomeVC.xib; sourceTree = "<group>"; };
		837AB46125287C7700468728 /* SubtitleTableViewCell.swift */ = {isa = PBXFileReference; lastKnownFileType = sourcecode.swift; path = SubtitleTableViewCell.swift; sourceTree = "<group>"; };
		83B4B7AF25287264009587FA /* FirstRxSwift.app */ = {isa = PBXFileReference; explicitFileType = wrapper.application; includeInIndex = 0; path = FirstRxSwift.app; sourceTree = BUILT_PRODUCTS_DIR; };
		83B4B7B225287264009587FA /* AppDelegate.swift */ = {isa = PBXFileReference; lastKnownFileType = sourcecode.swift; path = AppDelegate.swift; sourceTree = "<group>"; };
		83B4B7B625287264009587FA /* ViewController.swift */ = {isa = PBXFileReference; lastKnownFileType = sourcecode.swift; path = ViewController.swift; sourceTree = "<group>"; };
		83B4B7B925287264009587FA /* Base */ = {isa = PBXFileReference; lastKnownFileType = file.storyboard; name = Base; path = Base.lproj/Main.storyboard; sourceTree = "<group>"; };
		83B4B7BC25287264009587FA /* FirstRxSwift.xcdatamodel */ = {isa = PBXFileReference; lastKnownFileType = wrapper.xcdatamodel; path = FirstRxSwift.xcdatamodel; sourceTree = "<group>"; };
		83B4B7BE25287265009587FA /* Assets.xcassets */ = {isa = PBXFileReference; lastKnownFileType = folder.assetcatalog; path = Assets.xcassets; sourceTree = "<group>"; };
		83B4B7C125287265009587FA /* Base */ = {isa = PBXFileReference; lastKnownFileType = file.storyboard; name = Base; path = Base.lproj/LaunchScreen.storyboard; sourceTree = "<group>"; };
		83B4B7C325287265009587FA /* Info.plist */ = {isa = PBXFileReference; lastKnownFileType = text.plist.xml; path = Info.plist; sourceTree = "<group>"; };
		83B4B7C825287265009587FA /* FirstRxSwiftTests.xctest */ = {isa = PBXFileReference; explicitFileType = wrapper.cfbundle; includeInIndex = 0; path = FirstRxSwiftTests.xctest; sourceTree = BUILT_PRODUCTS_DIR; };
		83B4B7CC25287265009587FA /* FirstRxSwiftTests.swift */ = {isa = PBXFileReference; lastKnownFileType = sourcecode.swift; path = FirstRxSwiftTests.swift; sourceTree = "<group>"; };
		83B4B7CE25287265009587FA /* Info.plist */ = {isa = PBXFileReference; lastKnownFileType = text.plist.xml; path = Info.plist; sourceTree = "<group>"; };
		8F024B782E63F013F7DE0FAC /* Pods-FirstRxSwiftTests.debug.xcconfig */ = {isa = PBXFileReference; includeInIndex = 1; lastKnownFileType = text.xcconfig; name = "Pods-FirstRxSwiftTests.debug.xcconfig"; path = "Target Support Files/Pods-FirstRxSwiftTests/Pods-FirstRxSwiftTests.debug.xcconfig"; sourceTree = "<group>"; };
		B8A95E51457508C84795FE31 /* Pods-FirstRxSwift.release.xcconfig */ = {isa = PBXFileReference; includeInIndex = 1; lastKnownFileType = text.xcconfig; name = "Pods-FirstRxSwift.release.xcconfig"; path = "Target Support Files/Pods-FirstRxSwift/Pods-FirstRxSwift.release.xcconfig"; sourceTree = "<group>"; };
		BA65A7F4F4CE598604CB3A38 /* Pods-FirstRxSwift.debug.xcconfig */ = {isa = PBXFileReference; includeInIndex = 1; lastKnownFileType = text.xcconfig; name = "Pods-FirstRxSwift.debug.xcconfig"; path = "Target Support Files/Pods-FirstRxSwift/Pods-FirstRxSwift.debug.xcconfig"; sourceTree = "<group>"; };
		E05228A11DEB5D43BC77EF7B /* Pods_FirstRxSwift.framework */ = {isa = PBXFileReference; explicitFileType = wrapper.framework; includeInIndex = 0; path = Pods_FirstRxSwift.framework; sourceTree = BUILT_PRODUCTS_DIR; };
/* End PBXFileReference section */

/* Begin PBXFrameworksBuildPhase section */
		83B4B7AC25287264009587FA /* Frameworks */ = {
			isa = PBXFrameworksBuildPhase;
			buildActionMask = 2147483647;
			files = (
				A471B46F20A8D853B1D2D8F9 /* Pods_FirstRxSwift.framework in Frameworks */,
			);
			runOnlyForDeploymentPostprocessing = 0;
		};
		83B4B7C525287265009587FA /* Frameworks */ = {
			isa = PBXFrameworksBuildPhase;
			buildActionMask = 2147483647;
			files = (
				4FF897A9691A24F6C074BF85 /* Pods_FirstRxSwiftTests.framework in Frameworks */,
			);
			runOnlyForDeploymentPostprocessing = 0;
		};
/* End PBXFrameworksBuildPhase section */

/* Begin PBXGroup section */
		20C54FBBF98F021487AC38BD /* Frameworks */ = {
			isa = PBXGroup;
			children = (
				E05228A11DEB5D43BC77EF7B /* Pods_FirstRxSwift.framework */,
				651EA511735A32D45780ED8D /* Pods_FirstRxSwiftTests.framework */,
			);
			name = Frameworks;
			sourceTree = "<group>";
		};
		837AB4592528737500468728 /* App */ = {
			isa = PBXGroup;
			children = (
				83B4B7BE25287265009587FA /* Assets.xcassets */,
				83B4B7B225287264009587FA /* AppDelegate.swift */,
				83B4B7B825287264009587FA /* Main.storyboard */,
				83B4B7B625287264009587FA /* ViewController.swift */,
			);
			path = App;
			sourceTree = "<group>";
		};
		837AB45A252873BC00468728 /* Controller */ = {
			isa = PBXGroup;
			children = (
				837AB45F25287C5300468728 /* Home */,
			);
			path = Controller;
			sourceTree = "<group>";
		};
		837AB45F25287C5300468728 /* Home */ = {
			isa = PBXGroup;
			children = (
				837AB46025287C5D00468728 /* Cell */,
				837AB45B252873D200468728 /* HomeVC.swift */,
				837AB45C252873D200468728 /* HomeVC.xib */,
			);
			path = Home;
			sourceTree = "<group>";
		};
		837AB46025287C5D00468728 /* Cell */ = {
			isa = PBXGroup;
			children = (
				837AB46125287C7700468728 /* SubtitleTableViewCell.swift */,
			);
			path = Cell;
			sourceTree = "<group>";
		};
		83B4B7A625287264009587FA = {
			isa = PBXGroup;
			children = (
				83B4B7B125287264009587FA /* FirstRxSwift */,
				83B4B7CB25287265009587FA /* FirstRxSwiftTests */,
				83B4B7B025287264009587FA /* Products */,
				C2FC1E867C007E359F13292D /* Pods */,
				20C54FBBF98F021487AC38BD /* Frameworks */,
			);
			sourceTree = "<group>";
		};
		83B4B7B025287264009587FA /* Products */ = {
			isa = PBXGroup;
			children = (
				83B4B7AF25287264009587FA /* FirstRxSwift.app */,
				83B4B7C825287265009587FA /* FirstRxSwiftTests.xctest */,
			);
			name = Products;
			sourceTree = "<group>";
		};
		83B4B7B125287264009587FA /* FirstRxSwift */ = {
			isa = PBXGroup;
			children = (
				837AB4592528737500468728 /* App */,
				837AB45A252873BC00468728 /* Controller */,
				83B4B7C025287265009587FA /* LaunchScreen.storyboard */,
				83B4B7C325287265009587FA /* Info.plist */,
				83B4B7BB25287264009587FA /* FirstRxSwift.xcdatamodeld */,
			);
			path = FirstRxSwift;
			sourceTree = "<group>";
		};
		83B4B7CB25287265009587FA /* FirstRxSwiftTests */ = {
			isa = PBXGroup;
			children = (
				83B4B7CC25287265009587FA /* FirstRxSwiftTests.swift */,
				83B4B7CE25287265009587FA /* Info.plist */,
			);
			path = FirstRxSwiftTests;
			sourceTree = "<group>";
		};
		C2FC1E867C007E359F13292D /* Pods */ = {
			isa = PBXGroup;
			children = (
				BA65A7F4F4CE598604CB3A38 /* Pods-FirstRxSwift.debug.xcconfig */,
				B8A95E51457508C84795FE31 /* Pods-FirstRxSwift.release.xcconfig */,
				8F024B782E63F013F7DE0FAC /* Pods-FirstRxSwiftTests.debug.xcconfig */,
				7D540A7635033A4F2105751E /* Pods-FirstRxSwiftTests.release.xcconfig */,
			);
			path = Pods;
			sourceTree = "<group>";
		};
/* End PBXGroup section */

/* Begin PBXNativeTarget section */
		83B4B7AE25287264009587FA /* FirstRxSwift */ = {
			isa = PBXNativeTarget;
			buildConfigurationList = 83B4B7D125287265009587FA /* Build configuration list for PBXNativeTarget "FirstRxSwift" */;
			buildPhases = (
				FBA177DAA16DC78A9C4B9730 /* [CP] Check Pods Manifest.lock */,
				83B4B7AB25287264009587FA /* Sources */,
				83B4B7AC25287264009587FA /* Frameworks */,
				83B4B7AD25287264009587FA /* Resources */,
				1C8916FAAD5F24564540AA75 /* [CP] Embed Pods Frameworks */,
			);
			buildRules = (
			);
			dependencies = (
			);
			name = FirstRxSwift;
			productName = FirstRxSwift;
			productReference = 83B4B7AF25287264009587FA /* FirstRxSwift.app */;
			productType = "com.apple.product-type.application";
		};
		83B4B7C725287265009587FA /* FirstRxSwiftTests */ = {
			isa = PBXNativeTarget;
			buildConfigurationList = 83B4B7D425287265009587FA /* Build configuration list for PBXNativeTarget "FirstRxSwiftTests" */;
			buildPhases = (
				47BFC88418546CCEDD361624 /* [CP] Check Pods Manifest.lock */,
				83B4B7C425287265009587FA /* Sources */,
				83B4B7C525287265009587FA /* Frameworks */,
				83B4B7C625287265009587FA /* Resources */,
			);
			buildRules = (
			);
			dependencies = (
				83B4B7CA25287265009587FA /* PBXTargetDependency */,
			);
			name = FirstRxSwiftTests;
			productName = FirstRxSwiftTests;
			productReference = 83B4B7C825287265009587FA /* FirstRxSwiftTests.xctest */;
			productType = "com.apple.product-type.bundle.unit-test";
		};
/* End PBXNativeTarget section */

/* Begin PBXProject section */
		83B4B7A725287264009587FA /* Project object */ = {
			isa = PBXProject;
			attributes = {
				LastSwiftUpdateCheck = 1170;
				LastUpgradeCheck = 1170;
				ORGANIZATIONNAME = "Tolga İskender";
				TargetAttributes = {
					83B4B7AE25287264009587FA = {
						CreatedOnToolsVersion = 11.7;
					};
					83B4B7C725287265009587FA = {
						CreatedOnToolsVersion = 11.7;
						TestTargetID = 83B4B7AE25287264009587FA;
					};
				};
			};
			buildConfigurationList = 83B4B7AA25287264009587FA /* Build configuration list for PBXProject "FirstRxSwift" */;
			compatibilityVersion = "Xcode 9.3";
			developmentRegion = en;
			hasScannedForEncodings = 0;
			knownRegions = (
				en,
				Base,
			);
			mainGroup = 83B4B7A625287264009587FA;
			productRefGroup = 83B4B7B025287264009587FA /* Products */;
			projectDirPath = "";
			projectRoot = "";
			targets = (
				83B4B7AE25287264009587FA /* FirstRxSwift */,
				83B4B7C725287265009587FA /* FirstRxSwiftTests */,
			);
		};
/* End PBXProject section */

/* Begin PBXResourcesBuildPhase section */
		83B4B7AD25287264009587FA /* Resources */ = {
			isa = PBXResourcesBuildPhase;
			buildActionMask = 2147483647;
			files = (
				83B4B7C225287265009587FA /* LaunchScreen.storyboard in Resources */,
				837AB45E252873D200468728 /* HomeVC.xib in Resources */,
				83B4B7BF25287265009587FA /* Assets.xcassets in Resources */,
				83B4B7BA25287264009587FA /* Main.storyboard in Resources */,
			);
			runOnlyForDeploymentPostprocessing = 0;
		};
		83B4B7C625287265009587FA /* Resources */ = {
			isa = PBXResourcesBuildPhase;
			buildActionMask = 2147483647;
			files = (
			);
			runOnlyForDeploymentPostprocessing = 0;
		};
/* End PBXResourcesBuildPhase section */

/* Begin PBXShellScriptBuildPhase section */
		1C8916FAAD5F24564540AA75 /* [CP] Embed Pods Frameworks */ = {
			isa = PBXShellScriptBuildPhase;
			buildActionMask = 2147483647;
			files = (
			);
			inputFileListPaths = (
				"${PODS_ROOT}/Target Support Files/Pods-FirstRxSwift/Pods-FirstRxSwift-frameworks-${CONFIGURATION}-input-files.xcfilelist",
			);
			name = "[CP] Embed Pods Frameworks";
			outputFileListPaths = (
				"${PODS_ROOT}/Target Support Files/Pods-FirstRxSwift/Pods-FirstRxSwift-frameworks-${CONFIGURATION}-output-files.xcfilelist",
			);
			runOnlyForDeploymentPostprocessing = 0;
			shellPath = /bin/sh;
			shellScript = "\"${PODS_ROOT}/Target Support Files/Pods-FirstRxSwift/Pods-FirstRxSwift-frameworks.sh\"\n";
			showEnvVarsInLog = 0;
		};
		47BFC88418546CCEDD361624 /* [CP] Check Pods Manifest.lock */ = {
			isa = PBXShellScriptBuildPhase;
			buildActionMask = 2147483647;
			files = (
			);
			inputFileListPaths = (
			);
			inputPaths = (
				"${PODS_PODFILE_DIR_PATH}/Podfile.lock",
				"${PODS_ROOT}/Manifest.lock",
			);
			name = "[CP] Check Pods Manifest.lock";
			outputFileListPaths = (
			);
			outputPaths = (
				"$(DERIVED_FILE_DIR)/Pods-FirstRxSwiftTests-checkManifestLockResult.txt",
			);
			runOnlyForDeploymentPostprocessing = 0;
			shellPath = /bin/sh;
			shellScript = "diff \"${PODS_PODFILE_DIR_PATH}/Podfile.lock\" \"${PODS_ROOT}/Manifest.lock\" > /dev/null\nif [ $? != 0 ] ; then\n    # print error to STDERR\n    echo \"error: The sandbox is not in sync with the Podfile.lock. Run 'pod install' or update your CocoaPods installation.\" >&2\n    exit 1\nfi\n# This output is used by Xcode 'outputs' to avoid re-running this script phase.\necho \"SUCCESS\" > \"${SCRIPT_OUTPUT_FILE_0}\"\n";
			showEnvVarsInLog = 0;
		};
		FBA177DAA16DC78A9C4B9730 /* [CP] Check Pods Manifest.lock */ = {
			isa = PBXShellScriptBuildPhase;
			buildActionMask = 2147483647;
			files = (
			);
			inputFileListPaths = (
			);
			inputPaths = (
				"${PODS_PODFILE_DIR_PATH}/Podfile.lock",
				"${PODS_ROOT}/Manifest.lock",
			);
			name = "[CP] Check Pods Manifest.lock";
			outputFileListPaths = (
			);
			outputPaths = (
				"$(DERIVED_FILE_DIR)/Pods-FirstRxSwift-checkManifestLockResult.txt",
			);
			runOnlyForDeploymentPostprocessing = 0;
			shellPath = /bin/sh;
			shellScript = "diff \"${PODS_PODFILE_DIR_PATH}/Podfile.lock\" \"${PODS_ROOT}/Manifest.lock\" > /dev/null\nif [ $? != 0 ] ; then\n    # print error to STDERR\n    echo \"error: The sandbox is not in sync with the Podfile.lock. Run 'pod install' or update your CocoaPods installation.\" >&2\n    exit 1\nfi\n# This output is used by Xcode 'outputs' to avoid re-running this script phase.\necho \"SUCCESS\" > \"${SCRIPT_OUTPUT_FILE_0}\"\n";
			showEnvVarsInLog = 0;
		};
/* End PBXShellScriptBuildPhase section */

/* Begin PBXSourcesBuildPhase section */
		83B4B7AB25287264009587FA /* Sources */ = {
			isa = PBXSourcesBuildPhase;
			buildActionMask = 2147483647;
			files = (
				83B4B7BD25287264009587FA /* FirstRxSwift.xcdatamodeld in Sources */,
				837AB45D252873D200468728 /* HomeVC.swift in Sources */,
				837AB46225287C7700468728 /* SubtitleTableViewCell.swift in Sources */,
				83B4B7B725287264009587FA /* ViewController.swift in Sources */,
				83B4B7B325287264009587FA /* AppDelegate.swift in Sources */,
			);
			runOnlyForDeploymentPostprocessing = 0;
		};
		83B4B7C425287265009587FA /* Sources */ = {
			isa = PBXSourcesBuildPhase;
			buildActionMask = 2147483647;
			files = (
				83B4B7CD25287265009587FA /* FirstRxSwiftTests.swift in Sources */,
			);
			runOnlyForDeploymentPostprocessing = 0;
		};
/* End PBXSourcesBuildPhase section */

/* Begin PBXTargetDependency section */
		83B4B7CA25287265009587FA /* PBXTargetDependency */ = {
			isa = PBXTargetDependency;
			target = 83B4B7AE25287264009587FA /* FirstRxSwift */;
			targetProxy = 83B4B7C925287265009587FA /* PBXContainerItemProxy */;
		};
/* End PBXTargetDependency section */

/* Begin PBXVariantGroup section */
		83B4B7B825287264009587FA /* Main.storyboard */ = {
			isa = PBXVariantGroup;
			children = (
				83B4B7B925287264009587FA /* Base */,
			);
			name = Main.storyboard;
			sourceTree = "<group>";
		};
		83B4B7C025287265009587FA /* LaunchScreen.storyboard */ = {
			isa = PBXVariantGroup;
			children = (
				83B4B7C125287265009587FA /* Base */,
			);
			name = LaunchScreen.storyboard;
			sourceTree = "<group>";
		};
/* End PBXVariantGroup section */

/* Begin XCBuildConfiguration section */
		83B4B7CF25287265009587FA /* Debug */ = {
			isa = XCBuildConfiguration;
			buildSettings = {
				ALWAYS_SEARCH_USER_PATHS = NO;
				CLANG_ANALYZER_NONNULL = YES;
				CLANG_ANALYZER_NUMBER_OBJECT_CONVERSION = YES_AGGRESSIVE;
				CLANG_CXX_LANGUAGE_STANDARD = "gnu++14";
				CLANG_CXX_LIBRARY = "libc++";
				CLANG_ENABLE_MODULES = YES;
				CLANG_ENABLE_OBJC_ARC = YES;
				CLANG_ENABLE_OBJC_WEAK = YES;
				CLANG_WARN_BLOCK_CAPTURE_AUTORELEASING = YES;
				CLANG_WARN_BOOL_CONVERSION = YES;
				CLANG_WARN_COMMA = YES;
				CLANG_WARN_CONSTANT_CONVERSION = YES;
				CLANG_WARN_DEPRECATED_OBJC_IMPLEMENTATIONS = YES;
				CLANG_WARN_DIRECT_OBJC_ISA_USAGE = YES_ERROR;
				CLANG_WARN_DOCUMENTATION_COMMENTS = YES;
				CLANG_WARN_EMPTY_BODY = YES;
				CLANG_WARN_ENUM_CONVERSION = YES;
				CLANG_WARN_INFINITE_RECURSION = YES;
				CLANG_WARN_INT_CONVERSION = YES;
				CLANG_WARN_NON_LITERAL_NULL_CONVERSION = YES;
				CLANG_WARN_OBJC_IMPLICIT_RETAIN_SELF = YES;
				CLANG_WARN_OBJC_LITERAL_CONVERSION = YES;
				CLANG_WARN_OBJC_ROOT_CLASS = YES_ERROR;
				CLANG_WARN_RANGE_LOOP_ANALYSIS = YES;
				CLANG_WARN_STRICT_PROTOTYPES = YES;
				CLANG_WARN_SUSPICIOUS_MOVE = YES;
				CLANG_WARN_UNGUARDED_AVAILABILITY = YES_AGGRESSIVE;
				CLANG_WARN_UNREACHABLE_CODE = YES;
				CLANG_WARN__DUPLICATE_METHOD_MATCH = YES;
				COPY_PHASE_STRIP = NO;
				DEBUG_INFORMATION_FORMAT = dwarf;
				ENABLE_STRICT_OBJC_MSGSEND = YES;
				ENABLE_TESTABILITY = YES;
				GCC_C_LANGUAGE_STANDARD = gnu11;
				GCC_DYNAMIC_NO_PIC = NO;
				GCC_NO_COMMON_BLOCKS = YES;
				GCC_OPTIMIZATION_LEVEL = 0;
				GCC_PREPROCESSOR_DEFINITIONS = (
					"DEBUG=1",
					"$(inherited)",
				);
				GCC_WARN_64_TO_32_BIT_CONVERSION = YES;
				GCC_WARN_ABOUT_RETURN_TYPE = YES_ERROR;
				GCC_WARN_UNDECLARED_SELECTOR = YES;
				GCC_WARN_UNINITIALIZED_AUTOS = YES_AGGRESSIVE;
				GCC_WARN_UNUSED_FUNCTION = YES;
				GCC_WARN_UNUSED_VARIABLE = YES;
				IPHONEOS_DEPLOYMENT_TARGET = 13.7;
				MTL_ENABLE_DEBUG_INFO = INCLUDE_SOURCE;
				MTL_FAST_MATH = YES;
				ONLY_ACTIVE_ARCH = YES;
				SDKROOT = iphoneos;
				SWIFT_ACTIVE_COMPILATION_CONDITIONS = DEBUG;
				SWIFT_OPTIMIZATION_LEVEL = "-Onone";
			};
			name = Debug;
		};
		83B4B7D025287265009587FA /* Release */ = {
			isa = XCBuildConfiguration;
			buildSettings = {
				ALWAYS_SEARCH_USER_PATHS = NO;
				CLANG_ANALYZER_NONNULL = YES;
				CLANG_ANALYZER_NUMBER_OBJECT_CONVERSION = YES_AGGRESSIVE;
				CLANG_CXX_LANGUAGE_STANDARD = "gnu++14";
				CLANG_CXX_LIBRARY = "libc++";
				CLANG_ENABLE_MODULES = YES;
				CLANG_ENABLE_OBJC_ARC = YES;
				CLANG_ENABLE_OBJC_WEAK = YES;
				CLANG_WARN_BLOCK_CAPTURE_AUTORELEASING = YES;
				CLANG_WARN_BOOL_CONVERSION = YES;
				CLANG_WARN_COMMA = YES;
				CLANG_WARN_CONSTANT_CONVERSION = YES;
				CLANG_WARN_DEPRECATED_OBJC_IMPLEMENTATIONS = YES;
				CLANG_WARN_DIRECT_OBJC_ISA_USAGE = YES_ERROR;
				CLANG_WARN_DOCUMENTATION_COMMENTS = YES;
				CLANG_WARN_EMPTY_BODY = YES;
				CLANG_WARN_ENUM_CONVERSION = YES;
				CLANG_WARN_INFINITE_RECURSION = YES;
				CLANG_WARN_INT_CONVERSION = YES;
				CLANG_WARN_NON_LITERAL_NULL_CONVERSION = YES;
				CLANG_WARN_OBJC_IMPLICIT_RETAIN_SELF = YES;
				CLANG_WARN_OBJC_LITERAL_CONVERSION = YES;
				CLANG_WARN_OBJC_ROOT_CLASS = YES_ERROR;
				CLANG_WARN_RANGE_LOOP_ANALYSIS = YES;
				CLANG_WARN_STRICT_PROTOTYPES = YES;
				CLANG_WARN_SUSPICIOUS_MOVE = YES;
				CLANG_WARN_UNGUARDED_AVAILABILITY = YES_AGGRESSIVE;
				CLANG_WARN_UNREACHABLE_CODE = YES;
				CLANG_WARN__DUPLICATE_METHOD_MATCH = YES;
				COPY_PHASE_STRIP = NO;
				DEBUG_INFORMATION_FORMAT = "dwarf-with-dsym";
				ENABLE_NS_ASSERTIONS = NO;
				ENABLE_STRICT_OBJC_MSGSEND = YES;
				GCC_C_LANGUAGE_STANDARD = gnu11;
				GCC_NO_COMMON_BLOCKS = YES;
				GCC_WARN_64_TO_32_BIT_CONVERSION = YES;
				GCC_WARN_ABOUT_RETURN_TYPE = YES_ERROR;
				GCC_WARN_UNDECLARED_SELECTOR = YES;
				GCC_WARN_UNINITIALIZED_AUTOS = YES_AGGRESSIVE;
				GCC_WARN_UNUSED_FUNCTION = YES;
				GCC_WARN_UNUSED_VARIABLE = YES;
				IPHONEOS_DEPLOYMENT_TARGET = 13.7;
				MTL_ENABLE_DEBUG_INFO = NO;
				MTL_FAST_MATH = YES;
				SDKROOT = iphoneos;
				SWIFT_COMPILATION_MODE = wholemodule;
				SWIFT_OPTIMIZATION_LEVEL = "-O";
				VALIDATE_PRODUCT = YES;
			};
			name = Release;
		};
		83B4B7D225287265009587FA /* Debug */ = {
			isa = XCBuildConfiguration;
			baseConfigurationReference = BA65A7F4F4CE598604CB3A38 /* Pods-FirstRxSwift.debug.xcconfig */;
			buildSettings = {
				ASSETCATALOG_COMPILER_APPICON_NAME = AppIcon;
				CODE_SIGN_STYLE = Automatic;
				DEVELOPMENT_TEAM = Y3AP8SSHDH;
				INFOPLIST_FILE = FirstRxSwift/Info.plist;
				LD_RUNPATH_SEARCH_PATHS = (
					"$(inherited)",
					"@executable_path/Frameworks",
				);
				PRODUCT_BUNDLE_IDENTIFIER = com.tolgaiskender.FirstRxSwift;
				PRODUCT_NAME = "$(TARGET_NAME)";
				SWIFT_VERSION = 5.0;
				TARGETED_DEVICE_FAMILY = "1,2";
			};
			name = Debug;
		};
		83B4B7D325287265009587FA /* Release */ = {
			isa = XCBuildConfiguration;
			baseConfigurationReference = B8A95E51457508C84795FE31 /* Pods-FirstRxSwift.release.xcconfig */;
			buildSettings = {
				ASSETCATALOG_COMPILER_APPICON_NAME = AppIcon;
				CODE_SIGN_STYLE = Automatic;
				DEVELOPMENT_TEAM = Y3AP8SSHDH;
				INFOPLIST_FILE = FirstRxSwift/Info.plist;
				LD_RUNPATH_SEARCH_PATHS = (
					"$(inherited)",
					"@executable_path/Frameworks",
				);
				PRODUCT_BUNDLE_IDENTIFIER = com.tolgaiskender.FirstRxSwift;
				PRODUCT_NAME = "$(TARGET_NAME)";
				SWIFT_VERSION = 5.0;
				TARGETED_DEVICE_FAMILY = "1,2";
			};
			name = Release;
		};
		83B4B7D525287265009587FA /* Debug */ = {
			isa = XCBuildConfiguration;
			baseConfigurationReference = 8F024B782E63F013F7DE0FAC /* Pods-FirstRxSwiftTests.debug.xcconfig */;
			buildSettings = {
				ALWAYS_EMBED_SWIFT_STANDARD_LIBRARIES = YES;
				BUNDLE_LOADER = "$(TEST_HOST)";
				CODE_SIGN_STYLE = Automatic;
				DEVELOPMENT_TEAM = Y3AP8SSHDH;
				INFOPLIST_FILE = FirstRxSwiftTests/Info.plist;
				IPHONEOS_DEPLOYMENT_TARGET = 13.7;
				LD_RUNPATH_SEARCH_PATHS = (
					"$(inherited)",
					"@executable_path/Frameworks",
					"@loader_path/Frameworks",
				);
				PRODUCT_BUNDLE_IDENTIFIER = com.tolgaiskender.FirstRxSwiftTests;
				PRODUCT_NAME = "$(TARGET_NAME)";
				SWIFT_VERSION = 5.0;
				TARGETED_DEVICE_FAMILY = "1,2";
				TEST_HOST = "$(BUILT_PRODUCTS_DIR)/FirstRxSwift.app/FirstRxSwift";
			};
			name = Debug;
		};
		83B4B7D625287265009587FA /* Release */ = {
			isa = XCBuildConfiguration;
			baseConfigurationReference = 7D540A7635033A4F2105751E /* Pods-FirstRxSwiftTests.release.xcconfig */;
			buildSettings = {
				ALWAYS_EMBED_SWIFT_STANDARD_LIBRARIES = YES;
				BUNDLE_LOADER = "$(TEST_HOST)";
				CODE_SIGN_STYLE = Automatic;
				DEVELOPMENT_TEAM = Y3AP8SSHDH;
				INFOPLIST_FILE = FirstRxSwiftTests/Info.plist;
				IPHONEOS_DEPLOYMENT_TARGET = 13.7;
				LD_RUNPATH_SEARCH_PATHS = (
					"$(inherited)",
					"@executable_path/Frameworks",
					"@loader_path/Frameworks",
				);
				PRODUCT_BUNDLE_IDENTIFIER = com.tolgaiskender.FirstRxSwiftTests;
				PRODUCT_NAME = "$(TARGET_NAME)";
				SWIFT_VERSION = 5.0;
				TARGETED_DEVICE_FAMILY = "1,2";
				TEST_HOST = "$(BUILT_PRODUCTS_DIR)/FirstRxSwift.app/FirstRxSwift";
			};
			name = Release;
		};
/* End XCBuildConfiguration section */

/* Begin XCConfigurationList section */
		83B4B7AA25287264009587FA /* Build configuration list for PBXProject "FirstRxSwift" */ = {
			isa = XCConfigurationList;
			buildConfigurations = (
				83B4B7CF25287265009587FA /* Debug */,
				83B4B7D025287265009587FA /* Release */,
			);
			defaultConfigurationIsVisible = 0;
			defaultConfigurationName = Release;
		};
		83B4B7D125287265009587FA /* Build configuration list for PBXNativeTarget "FirstRxSwift" */ = {
			isa = XCConfigurationList;
			buildConfigurations = (
				83B4B7D225287265009587FA /* Debug */,
				83B4B7D325287265009587FA /* Release */,
			);
			defaultConfigurationIsVisible = 0;
			defaultConfigurationName = Release;
		};
		83B4B7D425287265009587FA /* Build configuration list for PBXNativeTarget "FirstRxSwiftTests" */ = {
			isa = XCConfigurationList;
			buildConfigurations = (
				83B4B7D525287265009587FA /* Debug */,
				83B4B7D625287265009587FA /* Release */,
			);
			defaultConfigurationIsVisible = 0;
			defaultConfigurationName = Release;
		};
/* End XCConfigurationList section */

/* Begin XCVersionGroup section */
		83B4B7BB25287264009587FA /* FirstRxSwift.xcdatamodeld */ = {
			isa = XCVersionGroup;
			children = (
				83B4B7BC25287264009587FA /* FirstRxSwift.xcdatamodel */,
			);
			currentVersion = 83B4B7BC25287264009587FA /* FirstRxSwift.xcdatamodel */;
			path = FirstRxSwift.xcdatamodeld;
			sourceTree = "<group>";
			versionGroupType = wrapper.xcdatamodel;
		};
/* End XCVersionGroup section */
	};
	rootObject = 83B4B7A725287264009587FA /* Project object */;
}
